
Microsoft Visual Studio Solution File, Format Version 12.00
# Visual Studio Version 17
VisualStudioVersion = 17.6.33829.357
MinimumVisualStudioVersion = 10.0.40219.1
Project("{FAE04EC0-301F-11D3-BF4B-00C04F79EFBC}") = "biometric-attendance", "biometric-attendance\biometric-attendance.csproj", "{AB1FDF9C-09F1-4EE0-8ECE-ED6E1A19B7F6}"
EndProject
Global
	GlobalSection(SolutionConfigurationPlatforms) = preSolution
		Debug|Any CPU = Debug|Any CPU
		Release|Any CPU = Release|Any CPU
	EndGlobalSection
	GlobalSection(ProjectConfigurationPlatforms) = postSolution
		{AB1FDF9C-09F1-4EE0-8ECE-ED6E1A19B7F6}.Debug|Any CPU.ActiveCfg = Debug|Any CPU
		{AB1FDF9C-09F1-4EE0-8ECE-ED6E1A19B7F6}.Debug|Any CPU.Build.0 = Debug|Any CPU
		{AB1FDF9C-09F1-4EE0-8ECE-ED6E1A19B7F6}.Release|Any CPU.ActiveCfg = Release|Any CPU
		{AB1FDF9C-09F1-4EE0-8ECE-ED6E1A19B7F6}.Release|Any CPU.Build.0 = Release|Any CPU
	EndGlobalSection
	GlobalSection(SolutionProperties) = preSolution
		HideSolutionNode = FALSE
	EndGlobalSection
	GlobalSection(ExtensibilityGlobals) = postSolution
		SolutionGuid = {C71CAD6E-1F75-4EBF-968D-ADC34A867696}
	EndGlobalSection
EndGlobal
